# @generated by Move, please check-in and do not edit manually.

[move]
version = 3
manifest_digest = "6312BFCD774FA04291FCF7DEAE8222A77A696092EFB77AC2B710D9586D114A4C"
deps_digest = "F9B494B64F0615AED0E98FC12A85B85ECD2BC5185C22D30E7F67786BB52E507C"
dependencies = [
  { id = "Iota", name = "Iota" },
  { id = "IotaSystem", name = "IotaSystem" },
  { id = "MoveStdlib", name = "MoveStdlib" },
  { id = "Stardust", name = "Stardust" },
]

[[move.package]]
id = "Iota"
source = { git = "https://github.com/iotaledger/iota.git", rev = "e3c45c9370f14b8137fd1bb9d109d3563d416223", subdir = "crates/iota-framework/packages/iota-framework" }

dependencies = [
  { id = "MoveStdlib", name = "MoveStdlib" },
]

[[move.package]]
id = "IotaSystem"
source = { git = "https://github.com/iotaledger/iota.git", rev = "e3c45c9370f14b8137fd1bb9d109d3563d416223", subdir = "crates/iota-framework/packages/iota-system" }

dependencies = [
  { id = "Iota", name = "Iota" },
  { id = "MoveStdlib", name = "MoveStdlib" },
]

[[move.package]]
id = "MoveStdlib"
source = { git = "https://github.com/iotaledger/iota.git", rev = "e3c45c9370f14b8137fd1bb9d109d3563d416223", subdir = "crates/iota-framework/packages/move-stdlib" }

[[move.package]]
id = "Stardust"
source = { git = "https://github.com/iotaledger/iota.git", rev = "e3c45c9370f14b8137fd1bb9d109d3563d416223", subdir = "crates/iota-framework/packages/stardust" }

dependencies = [
  { id = "Iota", name = "Iota" },
  { id = "MoveStdlib", name = "MoveStdlib" },
]

[move.toolchain-version]
compiler-version = "1.4.1"
edition = "2024.beta"
flavor = "iota"

[env]

[env.localnet]
chain-id = "bda127a3"
original-published-id = "0x8272bcf9ea852d40e3bae690c707c27a1dd0735a2579e9c3eeeb43ca8c9424e1"
latest-published-id = "0x8272bcf9ea852d40e3bae690c707c27a1dd0735a2579e9c3eeeb43ca8c9424e1"
published-version = "1"

[env.testnet]
chain-id = "2304aa97"
original-published-id = "0x0bfdb08caa2c1c77a840c4b78f29afd419203e498f6e83e4c8ebaf56a721f26a"
latest-published-id = "0x0bfdb08caa2c1c77a840c4b78f29afd419203e498f6e83e4c8ebaf56a721f26a"
published-version = "1"
